
Microsoft Visual Studio Solution File, Format Version 12.00
# Visual Studio Version 16
VisualStudioVersion = 16.0.29613.14
MinimumVisualStudioVersion = 10.0.40219.1
Project("{9A19103F-16F7-4668-BE54-9A1E7A4F7556}") = "OpenFTTH.APIGateway", "OpenFTTH.APIGateway\OpenFTTH.APIGateway.csproj", "{74EC242E-4E36-47D4-8AF5-6601A901397C}"
EndProject
Project("{9A19103F-16F7-4668-BE54-9A1E7A4F7556}") = "OpenFTTH.Work.Business", "OpenFTTH.Work.Business\OpenFTTH.Work.Business.csproj", "{5FF78588-4892-4723-9009-BECB184CF2CA}"
EndProject
Project("{9A19103F-16F7-4668-BE54-9A1E7A4F7556}") = "OpenFTTH.Work.API", "OpenFTTH.Work.API\OpenFTTH.Work.API.csproj", "{4C16619A-AFF8-4B20-A27A-8F7CF0275BA7}"
EndProject
Project("{2150E333-8FDC-42A3-9474-1A3956D46DE8}") = "WorkService", "WorkService", "{C497BAA2-241C-4203-9F47-A5021FCA4A4F}"
EndProject
Project("{9A19103F-16F7-4668-BE54-9A1E7A4F7556}") = "OpenFTTH.Work.Tests", "OpenFTTH.Work.Tests\OpenFTTH.Work.Tests.csproj", "{0065F950-4E90-46C2-BFE4-D58E97A185D2}"
EndProject
Project("{2150E333-8FDC-42A3-9474-1A3956D46DE8}") = "CQRS", "CQRS", "{2F52B7C4-6655-4FA4-8751-3D21FA654B86}"
EndProject
Project("{9A19103F-16F7-4668-BE54-9A1E7A4F7556}") = "OpenFTTH.CQRS", "OpenFTTH.CQRS\OpenFTTH.CQRS.csproj", "{0FCB13DE-8577-418E-B591-3500D9B25C50}"
EndProject
Project("{2150E333-8FDC-42A3-9474-1A3956D46DE8}") = "SchematicService", "SchematicService", "{3F4C5E04-E1AC-4D87-A777-AEDC7F242B2A}"
EndProject
Project("{FAE04EC0-301F-11D3-BF4B-00C04F79EFBC}") = "OpenFTTH.Schematic.API", "OpenFTTH.Schematic.API\OpenFTTH.Schematic.API.csproj", "{2AED2211-4D69-4950-AAFE-B8536D0F23B2}"
EndProject
Project("{FAE04EC0-301F-11D3-BF4B-00C04F79EFBC}") = "OpenFTTH.Schematic.Business", "OpenFTTH.Schematic.Business\OpenFTTH.Schematic.Business.csproj", "{7C9D3F94-6E11-4A48-922A-421C9816A4EB}"
EndProject
Project("{FAE04EC0-301F-11D3-BF4B-00C04F79EFBC}") = "OpenFTTH.Schematic.Tests", "OpenFTTH.Schematic.Tests\OpenFTTH.Schematic.Tests.csproj", "{D588D6C4-4009-4F46-A205-D1EA718E39D5}"
EndProject
Global
	GlobalSection(SolutionConfigurationPlatforms) = preSolution
		Debug|Any CPU = Debug|Any CPU
		Release|Any CPU = Release|Any CPU
	EndGlobalSection
	GlobalSection(ProjectConfigurationPlatforms) = postSolution
		{74EC242E-4E36-47D4-8AF5-6601A901397C}.Debug|Any CPU.ActiveCfg = Debug|Any CPU
		{74EC242E-4E36-47D4-8AF5-6601A901397C}.Debug|Any CPU.Build.0 = Debug|Any CPU
		{74EC242E-4E36-47D4-8AF5-6601A901397C}.Release|Any CPU.ActiveCfg = Release|Any CPU
		{74EC242E-4E36-47D4-8AF5-6601A901397C}.Release|Any CPU.Build.0 = Release|Any CPU
		{5FF78588-4892-4723-9009-BECB184CF2CA}.Debug|Any CPU.ActiveCfg = Debug|Any CPU
		{5FF78588-4892-4723-9009-BECB184CF2CA}.Debug|Any CPU.Build.0 = Debug|Any CPU
		{5FF78588-4892-4723-9009-BECB184CF2CA}.Release|Any CPU.ActiveCfg = Release|Any CPU
		{5FF78588-4892-4723-9009-BECB184CF2CA}.Release|Any CPU.Build.0 = Release|Any CPU
		{4C16619A-AFF8-4B20-A27A-8F7CF0275BA7}.Debug|Any CPU.ActiveCfg = Debug|Any CPU
		{4C16619A-AFF8-4B20-A27A-8F7CF0275BA7}.Debug|Any CPU.Build.0 = Debug|Any CPU
		{4C16619A-AFF8-4B20-A27A-8F7CF0275BA7}.Release|Any CPU.ActiveCfg = Release|Any CPU
		{4C16619A-AFF8-4B20-A27A-8F7CF0275BA7}.Release|Any CPU.Build.0 = Release|Any CPU
		{0065F950-4E90-46C2-BFE4-D58E97A185D2}.Debug|Any CPU.ActiveCfg = Debug|Any CPU
		{0065F950-4E90-46C2-BFE4-D58E97A185D2}.Debug|Any CPU.Build.0 = Debug|Any CPU
		{0065F950-4E90-46C2-BFE4-D58E97A185D2}.Release|Any CPU.ActiveCfg = Release|Any CPU
		{0065F950-4E90-46C2-BFE4-D58E97A185D2}.Release|Any CPU.Build.0 = Release|Any CPU
		{0FCB13DE-8577-418E-B591-3500D9B25C50}.Debug|Any CPU.ActiveCfg = Debug|Any CPU
		{0FCB13DE-8577-418E-B591-3500D9B25C50}.Debug|Any CPU.Build.0 = Debug|Any CPU
		{0FCB13DE-8577-418E-B591-3500D9B25C50}.Release|Any CPU.ActiveCfg = Release|Any CPU
		{0FCB13DE-8577-418E-B591-3500D9B25C50}.Release|Any CPU.Build.0 = Release|Any CPU
		{2AED2211-4D69-4950-AAFE-B8536D0F23B2}.Debug|Any CPU.ActiveCfg = Debug|Any CPU
		{2AED2211-4D69-4950-AAFE-B8536D0F23B2}.Debug|Any CPU.Build.0 = Debug|Any CPU
		{2AED2211-4D69-4950-AAFE-B8536D0F23B2}.Release|Any CPU.ActiveCfg = Release|Any CPU
		{2AED2211-4D69-4950-AAFE-B8536D0F23B2}.Release|Any CPU.Build.0 = Release|Any CPU
		{7C9D3F94-6E11-4A48-922A-421C9816A4EB}.Debug|Any CPU.ActiveCfg = Debug|Any CPU
		{7C9D3F94-6E11-4A48-922A-421C9816A4EB}.Debug|Any CPU.Build.0 = Debug|Any CPU
		{7C9D3F94-6E11-4A48-922A-421C9816A4EB}.Release|Any CPU.ActiveCfg = Release|Any CPU
		{7C9D3F94-6E11-4A48-922A-421C9816A4EB}.Release|Any CPU.Build.0 = Release|Any CPU
		{D588D6C4-4009-4F46-A205-D1EA718E39D5}.Debug|Any CPU.ActiveCfg = Debug|Any CPU
		{D588D6C4-4009-4F46-A205-D1EA718E39D5}.Debug|Any CPU.Build.0 = Debug|Any CPU
		{D588D6C4-4009-4F46-A205-D1EA718E39D5}.Release|Any CPU.ActiveCfg = Release|Any CPU
		{D588D6C4-4009-4F46-A205-D1EA718E39D5}.Release|Any CPU.Build.0 = Release|Any CPU
	EndGlobalSection
	GlobalSection(SolutionProperties) = preSolution
		HideSolutionNode = FALSE
	EndGlobalSection
	GlobalSection(NestedProjects) = preSolution
		{5FF78588-4892-4723-9009-BECB184CF2CA} = {C497BAA2-241C-4203-9F47-A5021FCA4A4F}
		{4C16619A-AFF8-4B20-A27A-8F7CF0275BA7} = {C497BAA2-241C-4203-9F47-A5021FCA4A4F}
		{0065F950-4E90-46C2-BFE4-D58E97A185D2} = {C497BAA2-241C-4203-9F47-A5021FCA4A4F}
		{0FCB13DE-8577-418E-B591-3500D9B25C50} = {2F52B7C4-6655-4FA4-8751-3D21FA654B86}
		{2AED2211-4D69-4950-AAFE-B8536D0F23B2} = {3F4C5E04-E1AC-4D87-A777-AEDC7F242B2A}
		{7C9D3F94-6E11-4A48-922A-421C9816A4EB} = {3F4C5E04-E1AC-4D87-A777-AEDC7F242B2A}
		{D588D6C4-4009-4F46-A205-D1EA718E39D5} = {3F4C5E04-E1AC-4D87-A777-AEDC7F242B2A}
	EndGlobalSection
	GlobalSection(ExtensibilityGlobals) = postSolution
		SolutionGuid = {1DB50536-F305-4178-A66B-483B1C17937A}
	EndGlobalSection
EndGlobal
