
Microsoft Visual Studio Solution File, Format Version 12.00
# Visual Studio Version 17
VisualStudioVersion = 17.0.31903.59
MinimumVisualStudioVersion = 10.0.40219.1
Project("{9A19103F-16F7-4668-BE54-9A1E7A4F7556}") = "OpenFTTH.APIGateway", "OpenFTTH.APIGateway\OpenFTTH.APIGateway.csproj", "{74EC242E-4E36-47D4-8AF5-6601A901397C}"
EndProject
Project("{9A19103F-16F7-4668-BE54-9A1E7A4F7556}") = "OpenFTTH.APIGateway.IntegrationTests", "OpenFTTH.APIGateway.IntegrationTests\OpenFTTH.APIGateway.IntegrationTests.csproj", "{9D680995-B0DA-4579-9081-3284B38568D6}"
EndProject
Project("{FAE04EC0-301F-11D3-BF4B-00C04F79EFBC}") = "OpenFTTH.UtilityGraphService.API", "OpenFTTH.UtilityGraphService.API\OpenFTTH.UtilityGraphService.API.csproj", "{6BC12503-5678-4C0C-A539-F6DA2FA66B1C}"
EndProject
Project("{FAE04EC0-301F-11D3-BF4B-00C04F79EFBC}") = "OpenFTTH.UtilityGraphService.Business", "OpenFTTH.UtilityGraphService.Business\OpenFTTH.UtilityGraphService.Business.csproj", "{197C13C4-25E7-4CBE-B40E-E28442C6BC66}"
EndProject
Project("{FAE04EC0-301F-11D3-BF4B-00C04F79EFBC}") = "OpenFTTH.UtilityGraphService.Service", "OpenFTTH.UtilityGraphService.Service\OpenFTTH.UtilityGraphService.Service.csproj", "{DEE8B26F-C324-4423-A72F-FCA9A5F3DB8F}"
EndProject
Project("{FAE04EC0-301F-11D3-BF4B-00C04F79EFBC}") = "OpenFTTH.UtilityGraphService.Tests", "OpenFTTH.UtilityGraphService.Tests\OpenFTTH.UtilityGraphService.Tests.csproj", "{E3F03D5B-EA99-4E08-983D-540FE413FF85}"
EndProject
Project("{FAE04EC0-301F-11D3-BF4B-00C04F79EFBC}") = "OpenFTTH.RouteNetwork.API", "OpenFTTH.RouteNetwork.API\OpenFTTH.RouteNetwork.API.csproj", "{E01BBC10-7CEB-4B08-B1B4-8253C3DBD649}"
EndProject
Project("{FAE04EC0-301F-11D3-BF4B-00C04F79EFBC}") = "OpenFTTH.RouteNetwork.Business", "OpenFTTH.RouteNetwork.Business\OpenFTTH.RouteNetwork.Business.csproj", "{675CE6DA-2C4E-427F-814C-607A4FD75275}"
EndProject
Project("{FAE04EC0-301F-11D3-BF4B-00C04F79EFBC}") = "OpenFTTH.RouteNetwork.Service", "OpenFTTH.RouteNetwork.Service\OpenFTTH.RouteNetwork.Service.csproj", "{961BF9C4-2CDD-4D28-A7A8-147C93A495DE}"
EndProject
Project("{FAE04EC0-301F-11D3-BF4B-00C04F79EFBC}") = "OpenFTTH.RouteNetworkService.Tests", "OpenFTTH.RouteNetwork.Tests\OpenFTTH.RouteNetworkService.Tests.csproj", "{B3AE3552-4922-4E94-B643-91A2E00708F1}"
EndProject
Project("{FAE04EC0-301F-11D3-BF4B-00C04F79EFBC}") = "OpenFTTH.Schematic.API", "OpenFTTH.Schematic.API\OpenFTTH.Schematic.API.csproj", "{7A8195BA-7859-47E7-A047-11E0636981C8}"
EndProject
Project("{FAE04EC0-301F-11D3-BF4B-00C04F79EFBC}") = "OpenFTTH.Schematic.Business", "OpenFTTH.Schematic.Business\OpenFTTH.Schematic.Business.csproj", "{13A8C639-9EFE-4FA4-86E2-54EE720609C6}"
EndProject
Project("{FAE04EC0-301F-11D3-BF4B-00C04F79EFBC}") = "OpenFTTH.Schematic.Service", "OpenFTTH.Schematic.Service\OpenFTTH.Schematic.Service.csproj", "{6245BC42-F514-4419-97B7-BA7CF959065E}"
EndProject
Project("{FAE04EC0-301F-11D3-BF4B-00C04F79EFBC}") = "OpenFTTH.Schematic.Tests", "OpenFTTH.Schematic.Tests\OpenFTTH.Schematic.Tests.csproj", "{7941877A-9B0D-41CF-95FA-5B474352139D}"
EndProject
Global
	GlobalSection(SolutionConfigurationPlatforms) = preSolution
		Debug|Any CPU = Debug|Any CPU
		Release|Any CPU = Release|Any CPU
	EndGlobalSection
	GlobalSection(ProjectConfigurationPlatforms) = postSolution
		{74EC242E-4E36-47D4-8AF5-6601A901397C}.Debug|Any CPU.ActiveCfg = Debug|Any CPU
		{74EC242E-4E36-47D4-8AF5-6601A901397C}.Debug|Any CPU.Build.0 = Debug|Any CPU
		{74EC242E-4E36-47D4-8AF5-6601A901397C}.Release|Any CPU.ActiveCfg = Release|Any CPU
		{74EC242E-4E36-47D4-8AF5-6601A901397C}.Release|Any CPU.Build.0 = Release|Any CPU
		{9D680995-B0DA-4579-9081-3284B38568D6}.Debug|Any CPU.ActiveCfg = Debug|Any CPU
		{9D680995-B0DA-4579-9081-3284B38568D6}.Debug|Any CPU.Build.0 = Debug|Any CPU
		{9D680995-B0DA-4579-9081-3284B38568D6}.Release|Any CPU.ActiveCfg = Release|Any CPU
		{9D680995-B0DA-4579-9081-3284B38568D6}.Release|Any CPU.Build.0 = Release|Any CPU
		{6BC12503-5678-4C0C-A539-F6DA2FA66B1C}.Debug|Any CPU.ActiveCfg = Debug|Any CPU
		{6BC12503-5678-4C0C-A539-F6DA2FA66B1C}.Debug|Any CPU.Build.0 = Debug|Any CPU
		{6BC12503-5678-4C0C-A539-F6DA2FA66B1C}.Release|Any CPU.ActiveCfg = Release|Any CPU
		{6BC12503-5678-4C0C-A539-F6DA2FA66B1C}.Release|Any CPU.Build.0 = Release|Any CPU
		{197C13C4-25E7-4CBE-B40E-E28442C6BC66}.Debug|Any CPU.ActiveCfg = Debug|Any CPU
		{197C13C4-25E7-4CBE-B40E-E28442C6BC66}.Debug|Any CPU.Build.0 = Debug|Any CPU
		{197C13C4-25E7-4CBE-B40E-E28442C6BC66}.Release|Any CPU.ActiveCfg = Release|Any CPU
		{197C13C4-25E7-4CBE-B40E-E28442C6BC66}.Release|Any CPU.Build.0 = Release|Any CPU
		{DEE8B26F-C324-4423-A72F-FCA9A5F3DB8F}.Debug|Any CPU.ActiveCfg = Debug|Any CPU
		{DEE8B26F-C324-4423-A72F-FCA9A5F3DB8F}.Debug|Any CPU.Build.0 = Debug|Any CPU
		{DEE8B26F-C324-4423-A72F-FCA9A5F3DB8F}.Release|Any CPU.ActiveCfg = Release|Any CPU
		{DEE8B26F-C324-4423-A72F-FCA9A5F3DB8F}.Release|Any CPU.Build.0 = Release|Any CPU
		{E3F03D5B-EA99-4E08-983D-540FE413FF85}.Debug|Any CPU.ActiveCfg = Debug|Any CPU
		{E3F03D5B-EA99-4E08-983D-540FE413FF85}.Debug|Any CPU.Build.0 = Debug|Any CPU
		{E3F03D5B-EA99-4E08-983D-540FE413FF85}.Release|Any CPU.ActiveCfg = Release|Any CPU
		{E3F03D5B-EA99-4E08-983D-540FE413FF85}.Release|Any CPU.Build.0 = Release|Any CPU
		{E01BBC10-7CEB-4B08-B1B4-8253C3DBD649}.Debug|Any CPU.ActiveCfg = Debug|Any CPU
		{E01BBC10-7CEB-4B08-B1B4-8253C3DBD649}.Debug|Any CPU.Build.0 = Debug|Any CPU
		{E01BBC10-7CEB-4B08-B1B4-8253C3DBD649}.Release|Any CPU.ActiveCfg = Release|Any CPU
		{E01BBC10-7CEB-4B08-B1B4-8253C3DBD649}.Release|Any CPU.Build.0 = Release|Any CPU
		{675CE6DA-2C4E-427F-814C-607A4FD75275}.Debug|Any CPU.ActiveCfg = Debug|Any CPU
		{675CE6DA-2C4E-427F-814C-607A4FD75275}.Debug|Any CPU.Build.0 = Debug|Any CPU
		{675CE6DA-2C4E-427F-814C-607A4FD75275}.Release|Any CPU.ActiveCfg = Release|Any CPU
		{675CE6DA-2C4E-427F-814C-607A4FD75275}.Release|Any CPU.Build.0 = Release|Any CPU
		{961BF9C4-2CDD-4D28-A7A8-147C93A495DE}.Debug|Any CPU.ActiveCfg = Debug|Any CPU
		{961BF9C4-2CDD-4D28-A7A8-147C93A495DE}.Debug|Any CPU.Build.0 = Debug|Any CPU
		{961BF9C4-2CDD-4D28-A7A8-147C93A495DE}.Release|Any CPU.ActiveCfg = Release|Any CPU
		{961BF9C4-2CDD-4D28-A7A8-147C93A495DE}.Release|Any CPU.Build.0 = Release|Any CPU
		{B3AE3552-4922-4E94-B643-91A2E00708F1}.Debug|Any CPU.ActiveCfg = Debug|Any CPU
		{B3AE3552-4922-4E94-B643-91A2E00708F1}.Debug|Any CPU.Build.0 = Debug|Any CPU
		{B3AE3552-4922-4E94-B643-91A2E00708F1}.Release|Any CPU.ActiveCfg = Release|Any CPU
		{B3AE3552-4922-4E94-B643-91A2E00708F1}.Release|Any CPU.Build.0 = Release|Any CPU
		{7A8195BA-7859-47E7-A047-11E0636981C8}.Debug|Any CPU.ActiveCfg = Debug|Any CPU
		{7A8195BA-7859-47E7-A047-11E0636981C8}.Debug|Any CPU.Build.0 = Debug|Any CPU
		{7A8195BA-7859-47E7-A047-11E0636981C8}.Release|Any CPU.ActiveCfg = Release|Any CPU
		{7A8195BA-7859-47E7-A047-11E0636981C8}.Release|Any CPU.Build.0 = Release|Any CPU
		{13A8C639-9EFE-4FA4-86E2-54EE720609C6}.Debug|Any CPU.ActiveCfg = Debug|Any CPU
		{13A8C639-9EFE-4FA4-86E2-54EE720609C6}.Debug|Any CPU.Build.0 = Debug|Any CPU
		{13A8C639-9EFE-4FA4-86E2-54EE720609C6}.Release|Any CPU.ActiveCfg = Release|Any CPU
		{13A8C639-9EFE-4FA4-86E2-54EE720609C6}.Release|Any CPU.Build.0 = Release|Any CPU
		{6245BC42-F514-4419-97B7-BA7CF959065E}.Debug|Any CPU.ActiveCfg = Debug|Any CPU
		{6245BC42-F514-4419-97B7-BA7CF959065E}.Debug|Any CPU.Build.0 = Debug|Any CPU
		{6245BC42-F514-4419-97B7-BA7CF959065E}.Release|Any CPU.ActiveCfg = Release|Any CPU
		{6245BC42-F514-4419-97B7-BA7CF959065E}.Release|Any CPU.Build.0 = Release|Any CPU
		{7941877A-9B0D-41CF-95FA-5B474352139D}.Debug|Any CPU.ActiveCfg = Debug|Any CPU
		{7941877A-9B0D-41CF-95FA-5B474352139D}.Debug|Any CPU.Build.0 = Debug|Any CPU
		{7941877A-9B0D-41CF-95FA-5B474352139D}.Release|Any CPU.ActiveCfg = Release|Any CPU
		{7941877A-9B0D-41CF-95FA-5B474352139D}.Release|Any CPU.Build.0 = Release|Any CPU
	EndGlobalSection
	GlobalSection(SolutionProperties) = preSolution
		HideSolutionNode = FALSE
	EndGlobalSection
	GlobalSection(ExtensibilityGlobals) = postSolution
		SolutionGuid = {1DB50536-F305-4178-A66B-483B1C17937A}
	EndGlobalSection
EndGlobal
